
Microsoft Visual Studio Solution File, Format Version 12.00
# Visual Studio Version 16
VisualStudioVersion = 16.0.30413.136
MinimumVisualStudioVersion = 10.0.40219.1
Project("{FAE04EC0-301F-11D3-BF4B-00C04F79EFBC}") = "pkRevitUnderstandingTransforms", "pkRevitUnderstandingTransforms\pkRevitUnderstandingTransforms.csproj", "{5A88632A-82BB-46A0-8D84-9790B90B42B1}"
EndProject
Project("{FAE04EC0-301F-11D3-BF4B-00C04F79EFBC}") = "pkRevitLoadingPlacing_Families", "pkRevitLoadingPlacing_Families\pkRevitLoadingPlacing_Families.csproj", "{742D61CD-4174-4ADB-899A-536D6713E256}"
EndProject
Project("{FAE04EC0-301F-11D3-BF4B-00C04F79EFBC}") = "pkRevitDatasheets", "pkRevitDatasheets\pkRevitDatasheets.csproj", "{F9A408DC-E37C-4FD4-B512-54F3A889EF79}"
EndProject
Project("{FAE04EC0-301F-11D3-BF4B-00C04F79EFBC}") = "pkRevitRibbon", "pkRevitRibbon\pkRevitRibbon.csproj", "{0E2C6ED4-C909-49A4-A5EE-FAE0E92E16A2}"
EndProject
Project("{FAE04EC0-301F-11D3-BF4B-00C04F79EFBC}") = "pkRevitCustomActions", "pkRevitCustomMethods\pkRevitCustomActions.csproj", "{A0ED3729-E945-4616-A331-034E90FFDA28}"
EndProject
Project("{FAE04EC0-301F-11D3-BF4B-00C04F79EFBC}") = "pkRevitMisc", "pkRevitMisc\pkRevitMisc.csproj", "{1E792849-6BF3-4CDE-ABBD-453FD075217F}"
EndProject
Project("{FAE04EC0-301F-11D3-BF4B-00C04F79EFBC}") = "pkRevitScheduleEdit", "pkRevitScheduleEdit\pkRevitScheduleEdit.csproj", "{9916E4F9-D3C7-464C-97BF-A8A2CC243D45}"
EndProject
Project("{FAE04EC0-301F-11D3-BF4B-00C04F79EFBC}") = "pkRevitCircleOutFamilies", "pkRevitCircleOutFamilies\pkRevitCircleOutFamilies.csproj", "{3B871775-AAA9-4DCA-B548-CD1F7EA9672D}"
EndProject
Project("{2150E333-8FDC-42A3-9474-1A3956D46DE8}") = "Transaction Projects", "Transaction Projects", "{F3D4D32A-BF56-4D6C-BB86-4FD10131E387}"
EndProject
Project("{FAE04EC0-301F-11D3-BF4B-00C04F79EFBC}") = "pkRevitViewportManagement", "pkRevitViewportManagement\pkRevitViewportManagement.csproj", "{2CE5B42A-B594-4511-B0C8-2AD106FF1DBA}"
EndProject
Global
	GlobalSection(SolutionConfigurationPlatforms) = preSolution
		All|Any CPU = All|Any CPU
		Debug|Any CPU = Debug|Any CPU
		Release|Any CPU = Release|Any CPU
	EndGlobalSection
	GlobalSection(ProjectConfigurationPlatforms) = postSolution
		{5A88632A-82BB-46A0-8D84-9790B90B42B1}.All|Any CPU.ActiveCfg = Release|Any CPU
		{5A88632A-82BB-46A0-8D84-9790B90B42B1}.All|Any CPU.Build.0 = Release|Any CPU
		{5A88632A-82BB-46A0-8D84-9790B90B42B1}.Debug|Any CPU.ActiveCfg = Debug|Any CPU
		{5A88632A-82BB-46A0-8D84-9790B90B42B1}.Debug|Any CPU.Build.0 = Debug|Any CPU
		{5A88632A-82BB-46A0-8D84-9790B90B42B1}.Release|Any CPU.ActiveCfg = Release|Any CPU
		{5A88632A-82BB-46A0-8D84-9790B90B42B1}.Release|Any CPU.Build.0 = Release|Any CPU
		{742D61CD-4174-4ADB-899A-536D6713E256}.All|Any CPU.ActiveCfg = Release|Any CPU
		{742D61CD-4174-4ADB-899A-536D6713E256}.All|Any CPU.Build.0 = Release|Any CPU
		{742D61CD-4174-4ADB-899A-536D6713E256}.Debug|Any CPU.ActiveCfg = Debug|Any CPU
		{742D61CD-4174-4ADB-899A-536D6713E256}.Debug|Any CPU.Build.0 = Debug|Any CPU
		{742D61CD-4174-4ADB-899A-536D6713E256}.Release|Any CPU.ActiveCfg = Release|Any CPU
		{742D61CD-4174-4ADB-899A-536D6713E256}.Release|Any CPU.Build.0 = Release|Any CPU
		{F9A408DC-E37C-4FD4-B512-54F3A889EF79}.All|Any CPU.ActiveCfg = Release|Any CPU
		{F9A408DC-E37C-4FD4-B512-54F3A889EF79}.All|Any CPU.Build.0 = Release|Any CPU
		{F9A408DC-E37C-4FD4-B512-54F3A889EF79}.Debug|Any CPU.ActiveCfg = Debug|Any CPU
		{F9A408DC-E37C-4FD4-B512-54F3A889EF79}.Debug|Any CPU.Build.0 = Debug|Any CPU
		{F9A408DC-E37C-4FD4-B512-54F3A889EF79}.Release|Any CPU.ActiveCfg = Release|Any CPU
		{F9A408DC-E37C-4FD4-B512-54F3A889EF79}.Release|Any CPU.Build.0 = Release|Any CPU
		{0E2C6ED4-C909-49A4-A5EE-FAE0E92E16A2}.All|Any CPU.ActiveCfg = Release|Any CPU
		{0E2C6ED4-C909-49A4-A5EE-FAE0E92E16A2}.All|Any CPU.Build.0 = Release|Any CPU
		{0E2C6ED4-C909-49A4-A5EE-FAE0E92E16A2}.Debug|Any CPU.ActiveCfg = Debug|Any CPU
		{0E2C6ED4-C909-49A4-A5EE-FAE0E92E16A2}.Debug|Any CPU.Build.0 = Debug|Any CPU
		{0E2C6ED4-C909-49A4-A5EE-FAE0E92E16A2}.Release|Any CPU.ActiveCfg = Release|Any CPU
		{0E2C6ED4-C909-49A4-A5EE-FAE0E92E16A2}.Release|Any CPU.Build.0 = Release|Any CPU
		{A0ED3729-E945-4616-A331-034E90FFDA28}.All|Any CPU.ActiveCfg = Release|Any CPU
		{A0ED3729-E945-4616-A331-034E90FFDA28}.All|Any CPU.Build.0 = Release|Any CPU
		{A0ED3729-E945-4616-A331-034E90FFDA28}.Debug|Any CPU.ActiveCfg = Debug|Any CPU
		{A0ED3729-E945-4616-A331-034E90FFDA28}.Debug|Any CPU.Build.0 = Debug|Any CPU
		{A0ED3729-E945-4616-A331-034E90FFDA28}.Release|Any CPU.ActiveCfg = Release|Any CPU
		{A0ED3729-E945-4616-A331-034E90FFDA28}.Release|Any CPU.Build.0 = Release|Any CPU
		{1E792849-6BF3-4CDE-ABBD-453FD075217F}.All|Any CPU.ActiveCfg = Release|Any CPU
		{1E792849-6BF3-4CDE-ABBD-453FD075217F}.All|Any CPU.Build.0 = Release|Any CPU
		{1E792849-6BF3-4CDE-ABBD-453FD075217F}.Debug|Any CPU.ActiveCfg = Debug|Any CPU
		{1E792849-6BF3-4CDE-ABBD-453FD075217F}.Debug|Any CPU.Build.0 = Debug|Any CPU
		{1E792849-6BF3-4CDE-ABBD-453FD075217F}.Release|Any CPU.ActiveCfg = Release|Any CPU
		{1E792849-6BF3-4CDE-ABBD-453FD075217F}.Release|Any CPU.Build.0 = Release|Any CPU
		{9916E4F9-D3C7-464C-97BF-A8A2CC243D45}.All|Any CPU.ActiveCfg = Release|Any CPU
		{9916E4F9-D3C7-464C-97BF-A8A2CC243D45}.All|Any CPU.Build.0 = Release|Any CPU
		{9916E4F9-D3C7-464C-97BF-A8A2CC243D45}.Debug|Any CPU.ActiveCfg = Debug|Any CPU
		{9916E4F9-D3C7-464C-97BF-A8A2CC243D45}.Debug|Any CPU.Build.0 = Debug|Any CPU
		{9916E4F9-D3C7-464C-97BF-A8A2CC243D45}.Release|Any CPU.ActiveCfg = Release|Any CPU
		{9916E4F9-D3C7-464C-97BF-A8A2CC243D45}.Release|Any CPU.Build.0 = Release|Any CPU
		{3B871775-AAA9-4DCA-B548-CD1F7EA9672D}.All|Any CPU.ActiveCfg = Release|Any CPU
		{3B871775-AAA9-4DCA-B548-CD1F7EA9672D}.All|Any CPU.Build.0 = Release|Any CPU
		{3B871775-AAA9-4DCA-B548-CD1F7EA9672D}.Debug|Any CPU.ActiveCfg = Debug|Any CPU
		{3B871775-AAA9-4DCA-B548-CD1F7EA9672D}.Debug|Any CPU.Build.0 = Debug|Any CPU
		{3B871775-AAA9-4DCA-B548-CD1F7EA9672D}.Release|Any CPU.ActiveCfg = Release|Any CPU
		{3B871775-AAA9-4DCA-B548-CD1F7EA9672D}.Release|Any CPU.Build.0 = Release|Any CPU
		{2CE5B42A-B594-4511-B0C8-2AD106FF1DBA}.All|Any CPU.ActiveCfg = Release|Any CPU
		{2CE5B42A-B594-4511-B0C8-2AD106FF1DBA}.All|Any CPU.Build.0 = Release|Any CPU
		{2CE5B42A-B594-4511-B0C8-2AD106FF1DBA}.Debug|Any CPU.ActiveCfg = Debug|Any CPU
		{2CE5B42A-B594-4511-B0C8-2AD106FF1DBA}.Debug|Any CPU.Build.0 = Debug|Any CPU
		{2CE5B42A-B594-4511-B0C8-2AD106FF1DBA}.Release|Any CPU.ActiveCfg = Release|Any CPU
		{2CE5B42A-B594-4511-B0C8-2AD106FF1DBA}.Release|Any CPU.Build.0 = Release|Any CPU
	EndGlobalSection
	GlobalSection(SolutionProperties) = preSolution
		HideSolutionNode = FALSE
	EndGlobalSection
	GlobalSection(NestedProjects) = preSolution
		{5A88632A-82BB-46A0-8D84-9790B90B42B1} = {F3D4D32A-BF56-4D6C-BB86-4FD10131E387}
		{742D61CD-4174-4ADB-899A-536D6713E256} = {F3D4D32A-BF56-4D6C-BB86-4FD10131E387}
		{F9A408DC-E37C-4FD4-B512-54F3A889EF79} = {F3D4D32A-BF56-4D6C-BB86-4FD10131E387}
		{1E792849-6BF3-4CDE-ABBD-453FD075217F} = {F3D4D32A-BF56-4D6C-BB86-4FD10131E387}
		{9916E4F9-D3C7-464C-97BF-A8A2CC243D45} = {F3D4D32A-BF56-4D6C-BB86-4FD10131E387}
		{3B871775-AAA9-4DCA-B548-CD1F7EA9672D} = {F3D4D32A-BF56-4D6C-BB86-4FD10131E387}
		{2CE5B42A-B594-4511-B0C8-2AD106FF1DBA} = {F3D4D32A-BF56-4D6C-BB86-4FD10131E387}
	EndGlobalSection
	GlobalSection(ExtensibilityGlobals) = postSolution
		SolutionGuid = {41C78983-F4A6-4C07-8999-22CDA7952DC0}
	EndGlobalSection
EndGlobal
